
Microsoft Visual Studio Solution File, Format Version 11.00
# Visual Studio 2010
Project("{FAE04EC0-301F-11D3-BF4B-00C04F79EFBC}") = "DCX Fingerprint Scanner CSharp", "DCX Fingerprint Scanner CSharp\DCX Fingerprint Scanner CSharp.csproj", "{F570D1EC-7DD2-4BE2-A5BE-595947E01088}"
EndProject
Global
	GlobalSection(SubversionScc) = preSolution
		Svn-Managed = True
		Manager = AnkhSVN - Subversion Support for Visual Studio
	EndGlobalSection
	GlobalSection(SolutionConfigurationPlatforms) = preSolution
		Debug|x86 = Debug|x86
		Release|x86 = Release|x86
	EndGlobalSection
	GlobalSection(ProjectConfigurationPlatforms) = postSolution
		{F570D1EC-7DD2-4BE2-A5BE-595947E01088}.Debug|x86.ActiveCfg = Debug|x86
		{F570D1EC-7DD2-4BE2-A5BE-595947E01088}.Debug|x86.Build.0 = Debug|x86
		{F570D1EC-7DD2-4BE2-A5BE-595947E01088}.Release|x86.ActiveCfg = Release|x86
		{F570D1EC-7DD2-4BE2-A5BE-595947E01088}.Release|x86.Build.0 = Release|x86
	EndGlobalSection
	GlobalSection(SolutionProperties) = preSolution
		HideSolutionNode = FALSE
	EndGlobalSection
EndGlobal
